
Microsoft Visual Studio Solution File, Format Version 12.00
# Visual Studio Version 17
VisualStudioVersion = 17.7.34018.315
MinimumVisualStudioVersion = 10.0.40219.1
Project("{FAE04EC0-301F-11D3-BF4B-00C04F79EFBC}") = "BankProject", "BankProject.csproj", "{8ADEDA83-AAAC-4002-A05F-B5A0BE75114A}"
EndProject
Project("{2150E333-8FDC-42A3-9474-1A3956D46DE8}") = "Solution Items", "Solution Items", "{4E902129-67EB-487A-9A88-F1880B862FAF}"
	ProjectSection(SolutionItems) = preProject
		User.cs = User.cs
		Users.cs = Users.cs
	EndProjectSection
EndProject
Global
	GlobalSection(SolutionConfigurationPlatforms) = preSolution
		Debug|Any CPU = Debug|Any CPU
		Release|Any CPU = Release|Any CPU
	EndGlobalSection
	GlobalSection(ProjectConfigurationPlatforms) = postSolution
		{8ADEDA83-AAAC-4002-A05F-B5A0BE75114A}.Debug|Any CPU.ActiveCfg = Debug|Any CPU
		{8ADEDA83-AAAC-4002-A05F-B5A0BE75114A}.Debug|Any CPU.Build.0 = Debug|Any CPU
		{8ADEDA83-AAAC-4002-A05F-B5A0BE75114A}.Release|Any CPU.ActiveCfg = Release|Any CPU
		{8ADEDA83-AAAC-4002-A05F-B5A0BE75114A}.Release|Any CPU.Build.0 = Release|Any CPU
	EndGlobalSection
	GlobalSection(SolutionProperties) = preSolution
		HideSolutionNode = FALSE
	EndGlobalSection
	GlobalSection(ExtensibilityGlobals) = postSolution
		SolutionGuid = {E67F329E-0775-42A9-A038-96226ADE4867}
	EndGlobalSection
EndGlobal
